// !$*UTF8*$!
{
	archiveVersion = 1;
	classes = {
	};
	objectVersion = 51;
	objects = {

/* Begin PBXBuildFile section */
		907ED234B7B1D838A2B2F6FD /* Pods_NewsAppDemo.framework in Frameworks */ = {isa = PBXBuildFile; fileRef = 5E419FC25066300893B44CE4 /* Pods_NewsAppDemo.framework */; };
		D9009A0D2632D97400AE77F3 /* NewsCollectionViewCell.xib in Resources */ = {isa = PBXBuildFile; fileRef = D9009A0C2632D97400AE77F3 /* NewsCollectionViewCell.xib */; };
		D909C787264285AC00713750 /* thirdScreen.gif in Resources */ = {isa = PBXBuildFile; fileRef = D909C783264285AA00713750 /* thirdScreen.gif */; };
		D909C788264285AC00713750 /* secondScreen.gif in Resources */ = {isa = PBXBuildFile; fileRef = D909C784264285AA00713750 /* secondScreen.gif */; };
		D909C789264285AC00713750 /* firstScreen.gif in Resources */ = {isa = PBXBuildFile; fileRef = D909C785264285AB00713750 /* firstScreen.gif */; };
		D909C78A264285AC00713750 /* detailsScreen.gif in Resources */ = {isa = PBXBuildFile; fileRef = D909C786264285AC00713750 /* detailsScreen.gif */; };
		D91F5E4E26200D7A00F255E9 /* UIImageView+Extension.swift in Sources */ = {isa = PBXBuildFile; fileRef = D91F5E4D26200D7A00F255E9 /* UIImageView+Extension.swift */; };
		D91F5E532620150C00F255E9 /* ImageCache.swift in Sources */ = {isa = PBXBuildFile; fileRef = D91F5E522620150C00F255E9 /* ImageCache.swift */; };
		D92AC296262BCD120023BFF4 /* NewsTableCellViewModel.swift in Sources */ = {isa = PBXBuildFile; fileRef = D92AC295262BCD120023BFF4 /* NewsTableCellViewModel.swift */; };
		D92AC29C262BDF040023BFF4 /* NewsCollectionViewModel.swift in Sources */ = {isa = PBXBuildFile; fileRef = D92AC29B262BDF040023BFF4 /* NewsCollectionViewModel.swift */; };
		D92AC2A3262CD3E60023BFF4 /* NewsSearchViewModel.swift in Sources */ = {isa = PBXBuildFile; fileRef = D92AC2A2262CD3E60023BFF4 /* NewsSearchViewModel.swift */; };
		D92AC2A7262CD46C0023BFF4 /* DetailsOptionView.swift in Sources */ = {isa = PBXBuildFile; fileRef = D92AC2A6262CD46C0023BFF4 /* DetailsOptionView.swift */; };
		D92AC2AB262CD48F0023BFF4 /* SearchModel.swift in Sources */ = {isa = PBXBuildFile; fileRef = D92AC2AA262CD48F0023BFF4 /* SearchModel.swift */; };
		D92AC2EC262E8E810023BFF4 /* DetailsView.swift in Sources */ = {isa = PBXBuildFile; fileRef = D92AC2EB262E8E810023BFF4 /* DetailsView.swift */; };
		D92AC2F4262EC3B50023BFF4 /* DetailsViewModel.swift in Sources */ = {isa = PBXBuildFile; fileRef = D92AC2F3262EC3B50023BFF4 /* DetailsViewModel.swift */; };
		D92AC348262F691D0023BFF4 /* MainViewModel.swift in Sources */ = {isa = PBXBuildFile; fileRef = D92AC347262F691C0023BFF4 /* MainViewModel.swift */; };
		D92AC3A0263158AD0023BFF4 /* ContactFunctionHandler.swift in Sources */ = {isa = PBXBuildFile; fileRef = D92AC39F263158AD0023BFF4 /* ContactFunctionHandler.swift */; };
		D92AC3A5263160B60023BFF4 /* AgreementController.swift in Sources */ = {isa = PBXBuildFile; fileRef = D92AC3A4263160B60023BFF4 /* AgreementController.swift */; };
		D92AC3AC2631624A0023BFF4 /* TermsAndService.txt in Resources */ = {isa = PBXBuildFile; fileRef = D92AC3AB2631624A0023BFF4 /* TermsAndService.txt */; };
		D92AC3B3263162E10023BFF4 /* AgreementView.swift in Sources */ = {isa = PBXBuildFile; fileRef = D92AC3B2263162E10023BFF4 /* AgreementView.swift */; };
		D92AC3B826316F080023BFF4 /* FileHandler.swift in Sources */ = {isa = PBXBuildFile; fileRef = D92AC3B726316F080023BFF4 /* FileHandler.swift */; };
		D939FD60263A77A800CF0766 /* DropDownCell.swift in Sources */ = {isa = PBXBuildFile; fileRef = D939FD5E263A77A800CF0766 /* DropDownCell.swift */; };
		D939FD61263A77A800CF0766 /* DropDownCell.xib in Resources */ = {isa = PBXBuildFile; fileRef = D939FD5F263A77A800CF0766 /* DropDownCell.xib */; };
		D93A1DEB262761E2003D45FC /* SearchViewController.swift in Sources */ = {isa = PBXBuildFile; fileRef = D93A1DEA262761E2003D45FC /* SearchViewController.swift */; };
		D96CBDD52624AF4D00BE5712 /* NewsWebSearchResult.swift in Sources */ = {isa = PBXBuildFile; fileRef = D96CBDD42624AF4D00BE5712 /* NewsWebSearchResult.swift */; };
		D96CBDDA2624B04000BE5712 /* NewsTableViewCell.swift in Sources */ = {isa = PBXBuildFile; fileRef = D96CBDD92624B04000BE5712 /* NewsTableViewCell.swift */; };
		D96CBDDF2624B40700BE5712 /* NewsTableViewCell.xib in Resources */ = {isa = PBXBuildFile; fileRef = D96CBDDE2624B40700BE5712 /* NewsTableViewCell.xib */; };
		D96CBDE426254B6A00BE5712 /* NewsTableViewHeader.swift in Sources */ = {isa = PBXBuildFile; fileRef = D96CBDE326254B6A00BE5712 /* NewsTableViewHeader.swift */; };
		D96CBDEC2625529B00BE5712 /* NewsTableViewHeader.xib in Resources */ = {isa = PBXBuildFile; fileRef = D96CBDEB2625529B00BE5712 /* NewsTableViewHeader.xib */; };
		D96CBE492626C94900BE5712 /* DetailNewsViewController.swift in Sources */ = {isa = PBXBuildFile; fileRef = D96CBE482626C94900BE5712 /* DetailNewsViewController.swift */; };
		D9B3645E264535360047707E /* NewsAppDemoTests.swift in Sources */ = {isa = PBXBuildFile; fileRef = D9B3645D264535360047707E /* NewsAppDemoTests.swift */; };
		D9CA3283263F28E60075B1A2 /* OldLondon.ttf in Resources */ = {isa = PBXBuildFile; fileRef = D9CA327F263F28E60075B1A2 /* OldLondon.ttf */; };
		D9CA3284263F28E60075B1A2 /* Olondona.otf in Resources */ = {isa = PBXBuildFile; fileRef = D9CA3280263F28E60075B1A2 /* Olondona.otf */; };
		D9CA3285263F28E60075B1A2 /* OldLondonAlternate.ttf in Resources */ = {isa = PBXBuildFile; fileRef = D9CA3281263F28E60075B1A2 /* OldLondonAlternate.ttf */; };
		D9CA3286263F28E60075B1A2 /* Olondon_.otf in Resources */ = {isa = PBXBuildFile; fileRef = D9CA3282263F28E60075B1A2 /* Olondon_.otf */; };
		D9D199E426294AE9009ABE41 /* NewsSearchUrl.swift in Sources */ = {isa = PBXBuildFile; fileRef = D9D199E326294AE9009ABE41 /* NewsSearchUrl.swift */; };
		D9E0ECFB2643CB48006F6AA7 /* AlertProtocol.swift in Sources */ = {isa = PBXBuildFile; fileRef = D9E0ECFA2643CB48006F6AA7 /* AlertProtocol.swift */; };
		D9E0ECFF2643D97B006F6AA7 /* mainScreen.png in Resources */ = {isa = PBXBuildFile; fileRef = D9E0ECFC2643D97B006F6AA7 /* mainScreen.png */; };
		D9E0ED002643D97B006F6AA7 /* detailsOption.png in Resources */ = {isa = PBXBuildFile; fileRef = D9E0ECFD2643D97B006F6AA7 /* detailsOption.png */; };
		D9E0ED012643D97B006F6AA7 /* detailsOptions.png in Resources */ = {isa = PBXBuildFile; fileRef = D9E0ECFE2643D97B006F6AA7 /* detailsOptions.png */; };
		D9E0ED032643D9A6006F6AA7 /* icons8-news-100 (2).png in Resources */ = {isa = PBXBuildFile; fileRef = D9E0ED022643D9A6006F6AA7 /* icons8-news-100 (2).png */; };
		D9E0ED052643DC77006F6AA7 /* detailImage.png in Resources */ = {isa = PBXBuildFile; fileRef = D9E0ED042643DC77006F6AA7 /* detailImage.png */; };
		D9E6E4D6261EB3F40072CC88 /* AppDelegate.swift in Sources */ = {isa = PBXBuildFile; fileRef = D9E6E4D5261EB3F40072CC88 /* AppDelegate.swift */; };
		D9E6E4D8261EB3F40072CC88 /* SceneDelegate.swift in Sources */ = {isa = PBXBuildFile; fileRef = D9E6E4D7261EB3F40072CC88 /* SceneDelegate.swift */; };
		D9E6E4DA261EB3F40072CC88 /* MainViewController.swift in Sources */ = {isa = PBXBuildFile; fileRef = D9E6E4D9261EB3F40072CC88 /* MainViewController.swift */; };
		D9E6E4DD261EB3F40072CC88 /* Main.storyboard in Resources */ = {isa = PBXBuildFile; fileRef = D9E6E4DB261EB3F40072CC88 /* Main.storyboard */; };
		D9E6E4DF261EB3F70072CC88 /* Assets.xcassets in Resources */ = {isa = PBXBuildFile; fileRef = D9E6E4DE261EB3F70072CC88 /* Assets.xcassets */; };
		D9E6E4E2261EB3F70072CC88 /* LaunchScreen.storyboard in Resources */ = {isa = PBXBuildFile; fileRef = D9E6E4E0261EB3F70072CC88 /* LaunchScreen.storyboard */; };
		D9E6E4F4261EB95B0072CC88 /* NetworkManager.swift in Sources */ = {isa = PBXBuildFile; fileRef = D9E6E4F3261EB95B0072CC88 /* NetworkManager.swift */; };
		D9E6E4F8261EBC210072CC88 /* AppError.swift in Sources */ = {isa = PBXBuildFile; fileRef = D9E6E4F7261EBC210072CC88 /* AppError.swift */; };
		D9E6E4FE261EC4140072CC88 /* NewsElements.swift in Sources */ = {isa = PBXBuildFile; fileRef = D9E6E4FD261EC4140072CC88 /* NewsElements.swift */; };
		D9E6E504261ECE0E0072CC88 /* NewsCollectionViewCell.swift in Sources */ = {isa = PBXBuildFile; fileRef = D9E6E503261ECE0E0072CC88 /* NewsCollectionViewCell.swift */; };
		D9E6E509261ED0730072CC88 /* CellReusable+Extension.swift in Sources */ = {isa = PBXBuildFile; fileRef = D9E6E508261ED0730072CC88 /* CellReusable+Extension.swift */; };
		D9E6E513261F5ABF0072CC88 /* UIView+extension.swift in Sources */ = {isa = PBXBuildFile; fileRef = D9E6E512261F5ABF0072CC88 /* UIView+extension.swift */; };
/* End PBXBuildFile section */

/* Begin PBXContainerItemProxy section */
		D9B36460264535360047707E /* PBXContainerItemProxy */ = {
			isa = PBXContainerItemProxy;
			containerPortal = D9E6E4CA261EB3F40072CC88 /* Project object */;
			proxyType = 1;
			remoteGlobalIDString = D9E6E4D1261EB3F40072CC88;
			remoteInfo = NewsAppDemo;
		};
/* End PBXContainerItemProxy section */

/* Begin PBXFileReference section */
		5E419FC25066300893B44CE4 /* Pods_NewsAppDemo.framework */ = {isa = PBXFileReference; explicitFileType = wrapper.framework; includeInIndex = 0; path = Pods_NewsAppDemo.framework; sourceTree = BUILT_PRODUCTS_DIR; };
		7E4C0245CBFE969BD9884A39 /* Pods-NewsAppDemo.debug.xcconfig */ = {isa = PBXFileReference; includeInIndex = 1; lastKnownFileType = text.xcconfig; name = "Pods-NewsAppDemo.debug.xcconfig"; path = "Target Support Files/Pods-NewsAppDemo/Pods-NewsAppDemo.debug.xcconfig"; sourceTree = "<group>"; };
		A9C4FC7DB6F45925BCD52B0C /* Pods-NewsAppDemo.release.xcconfig */ = {isa = PBXFileReference; includeInIndex = 1; lastKnownFileType = text.xcconfig; name = "Pods-NewsAppDemo.release.xcconfig"; path = "Target Support Files/Pods-NewsAppDemo/Pods-NewsAppDemo.release.xcconfig"; sourceTree = "<group>"; };
		D9009A0C2632D97400AE77F3 /* NewsCollectionViewCell.xib */ = {isa = PBXFileReference; lastKnownFileType = file.xib; path = NewsCollectionViewCell.xib; sourceTree = "<group>"; };
		D909C783264285AA00713750 /* thirdScreen.gif */ = {isa = PBXFileReference; lastKnownFileType = image.gif; path = thirdScreen.gif; sourceTree = "<group>"; };
		D909C784264285AA00713750 /* secondScreen.gif */ = {isa = PBXFileReference; lastKnownFileType = image.gif; path = secondScreen.gif; sourceTree = "<group>"; };
		D909C785264285AB00713750 /* firstScreen.gif */ = {isa = PBXFileReference; lastKnownFileType = image.gif; path = firstScreen.gif; sourceTree = "<group>"; };
		D909C786264285AC00713750 /* detailsScreen.gif */ = {isa = PBXFileReference; lastKnownFileType = image.gif; path = detailsScreen.gif; sourceTree = "<group>"; };
		D91F5E4D26200D7A00F255E9 /* UIImageView+Extension.swift */ = {isa = PBXFileReference; lastKnownFileType = sourcecode.swift; path = "UIImageView+Extension.swift"; sourceTree = "<group>"; };
		D91F5E522620150C00F255E9 /* ImageCache.swift */ = {isa = PBXFileReference; lastKnownFileType = sourcecode.swift; path = ImageCache.swift; sourceTree = "<group>"; };
		D92AC295262BCD120023BFF4 /* NewsTableCellViewModel.swift */ = {isa = PBXFileReference; lastKnownFileType = sourcecode.swift; path = NewsTableCellViewModel.swift; sourceTree = "<group>"; };
		D92AC29B262BDF040023BFF4 /* NewsCollectionViewModel.swift */ = {isa = PBXFileReference; lastKnownFileType = sourcecode.swift; path = NewsCollectionViewModel.swift; sourceTree = "<group>"; };
		D92AC2A2262CD3E60023BFF4 /* NewsSearchViewModel.swift */ = {isa = PBXFileReference; lastKnownFileType = sourcecode.swift; path = NewsSearchViewModel.swift; sourceTree = "<group>"; };
		D92AC2A6262CD46C0023BFF4 /* DetailsOptionView.swift */ = {isa = PBXFileReference; lastKnownFileType = sourcecode.swift; path = DetailsOptionView.swift; sourceTree = "<group>"; };
		D92AC2AA262CD48F0023BFF4 /* SearchModel.swift */ = {isa = PBXFileReference; lastKnownFileType = sourcecode.swift; path = SearchModel.swift; sourceTree = "<group>"; };
		D92AC2EB262E8E810023BFF4 /* DetailsView.swift */ = {isa = PBXFileReference; lastKnownFileType = sourcecode.swift; path = DetailsView.swift; sourceTree = "<group>"; };
		D92AC2F3262EC3B50023BFF4 /* DetailsViewModel.swift */ = {isa = PBXFileReference; lastKnownFileType = sourcecode.swift; path = DetailsViewModel.swift; sourceTree = "<group>"; };
		D92AC347262F691C0023BFF4 /* MainViewModel.swift */ = {isa = PBXFileReference; lastKnownFileType = sourcecode.swift; path = MainViewModel.swift; sourceTree = "<group>"; };
		D92AC39F263158AD0023BFF4 /* ContactFunctionHandler.swift */ = {isa = PBXFileReference; lastKnownFileType = sourcecode.swift; path = ContactFunctionHandler.swift; sourceTree = "<group>"; };
		D92AC3A4263160B60023BFF4 /* AgreementController.swift */ = {isa = PBXFileReference; lastKnownFileType = sourcecode.swift; path = AgreementController.swift; sourceTree = "<group>"; };
		D92AC3AB2631624A0023BFF4 /* TermsAndService.txt */ = {isa = PBXFileReference; lastKnownFileType = text; path = TermsAndService.txt; sourceTree = "<group>"; };
		D92AC3B2263162E10023BFF4 /* AgreementView.swift */ = {isa = PBXFileReference; lastKnownFileType = sourcecode.swift; path = AgreementView.swift; sourceTree = "<group>"; };
		D92AC3B726316F080023BFF4 /* FileHandler.swift */ = {isa = PBXFileReference; lastKnownFileType = sourcecode.swift; path = FileHandler.swift; sourceTree = "<group>"; };
		D939FD5E263A77A800CF0766 /* DropDownCell.swift */ = {isa = PBXFileReference; lastKnownFileType = sourcecode.swift; path = DropDownCell.swift; sourceTree = "<group>"; };
		D939FD5F263A77A800CF0766 /* DropDownCell.xib */ = {isa = PBXFileReference; lastKnownFileType = file.xib; path = DropDownCell.xib; sourceTree = "<group>"; };
		D93A1DEA262761E2003D45FC /* SearchViewController.swift */ = {isa = PBXFileReference; lastKnownFileType = sourcecode.swift; path = SearchViewController.swift; sourceTree = "<group>"; };
		D96CBDD42624AF4D00BE5712 /* NewsWebSearchResult.swift */ = {isa = PBXFileReference; lastKnownFileType = sourcecode.swift; path = NewsWebSearchResult.swift; sourceTree = "<group>"; };
		D96CBDD92624B04000BE5712 /* NewsTableViewCell.swift */ = {isa = PBXFileReference; lastKnownFileType = sourcecode.swift; path = NewsTableViewCell.swift; sourceTree = "<group>"; };
		D96CBDDE2624B40700BE5712 /* NewsTableViewCell.xib */ = {isa = PBXFileReference; lastKnownFileType = file.xib; path = NewsTableViewCell.xib; sourceTree = "<group>"; };
		D96CBDE326254B6A00BE5712 /* NewsTableViewHeader.swift */ = {isa = PBXFileReference; lastKnownFileType = sourcecode.swift; path = NewsTableViewHeader.swift; sourceTree = "<group>"; };
		D96CBDEB2625529B00BE5712 /* NewsTableViewHeader.xib */ = {isa = PBXFileReference; lastKnownFileType = file.xib; path = NewsTableViewHeader.xib; sourceTree = "<group>"; };
		D96CBE482626C94900BE5712 /* DetailNewsViewController.swift */ = {isa = PBXFileReference; lastKnownFileType = sourcecode.swift; path = DetailNewsViewController.swift; sourceTree = "<group>"; };
		D9B3645B264535360047707E /* NewsAppDemoTests.xctest */ = {isa = PBXFileReference; explicitFileType = wrapper.cfbundle; includeInIndex = 0; path = NewsAppDemoTests.xctest; sourceTree = BUILT_PRODUCTS_DIR; };
		D9B3645D264535360047707E /* NewsAppDemoTests.swift */ = {isa = PBXFileReference; lastKnownFileType = sourcecode.swift; path = NewsAppDemoTests.swift; sourceTree = "<group>"; };
		D9B3645F264535360047707E /* Info.plist */ = {isa = PBXFileReference; lastKnownFileType = text.plist.xml; path = Info.plist; sourceTree = "<group>"; };
		D9CA327F263F28E60075B1A2 /* OldLondon.ttf */ = {isa = PBXFileReference; lastKnownFileType = file; path = OldLondon.ttf; sourceTree = "<group>"; };
		D9CA3280263F28E60075B1A2 /* Olondona.otf */ = {isa = PBXFileReference; lastKnownFileType = file; path = Olondona.otf; sourceTree = "<group>"; };
		D9CA3281263F28E60075B1A2 /* OldLondonAlternate.ttf */ = {isa = PBXFileReference; lastKnownFileType = file; path = OldLondonAlternate.ttf; sourceTree = "<group>"; };
		D9CA3282263F28E60075B1A2 /* Olondon_.otf */ = {isa = PBXFileReference; lastKnownFileType = file; path = Olondon_.otf; sourceTree = "<group>"; };
		D9D199E326294AE9009ABE41 /* NewsSearchUrl.swift */ = {isa = PBXFileReference; lastKnownFileType = sourcecode.swift; path = NewsSearchUrl.swift; sourceTree = "<group>"; };
		D9E0ECFA2643CB48006F6AA7 /* AlertProtocol.swift */ = {isa = PBXFileReference; fileEncoding = 4; lastKnownFileType = sourcecode.swift; path = AlertProtocol.swift; sourceTree = "<group>"; };
		D9E0ECFC2643D97B006F6AA7 /* mainScreen.png */ = {isa = PBXFileReference; lastKnownFileType = image.png; path = mainScreen.png; sourceTree = "<group>"; };
		D9E0ECFD2643D97B006F6AA7 /* detailsOption.png */ = {isa = PBXFileReference; lastKnownFileType = image.png; path = detailsOption.png; sourceTree = "<group>"; };
		D9E0ECFE2643D97B006F6AA7 /* detailsOptions.png */ = {isa = PBXFileReference; lastKnownFileType = image.png; path = detailsOptions.png; sourceTree = "<group>"; };
		D9E0ED022643D9A6006F6AA7 /* icons8-news-100 (2).png */ = {isa = PBXFileReference; lastKnownFileType = image.png; path = "icons8-news-100 (2).png"; sourceTree = "<group>"; };
		D9E0ED042643DC77006F6AA7 /* detailImage.png */ = {isa = PBXFileReference; lastKnownFileType = image.png; path = detailImage.png; sourceTree = "<group>"; };
		D9E6E4D2261EB3F40072CC88 /* NewsAppDemo.app */ = {isa = PBXFileReference; explicitFileType = wrapper.application; includeInIndex = 0; path = NewsAppDemo.app; sourceTree = BUILT_PRODUCTS_DIR; };
		D9E6E4D5261EB3F40072CC88 /* AppDelegate.swift */ = {isa = PBXFileReference; lastKnownFileType = sourcecode.swift; path = AppDelegate.swift; sourceTree = "<group>"; };
		D9E6E4D7261EB3F40072CC88 /* SceneDelegate.swift */ = {isa = PBXFileReference; lastKnownFileType = sourcecode.swift; path = SceneDelegate.swift; sourceTree = "<group>"; };
		D9E6E4D9261EB3F40072CC88 /* MainViewController.swift */ = {isa = PBXFileReference; lastKnownFileType = sourcecode.swift; path = MainViewController.swift; sourceTree = "<group>"; };
		D9E6E4DC261EB3F40072CC88 /* Base */ = {isa = PBXFileReference; lastKnownFileType = file.storyboard; name = Base; path = Base.lproj/Main.storyboard; sourceTree = "<group>"; };
		D9E6E4DE261EB3F70072CC88 /* Assets.xcassets */ = {isa = PBXFileReference; lastKnownFileType = folder.assetcatalog; path = Assets.xcassets; sourceTree = "<group>"; };
		D9E6E4E1261EB3F70072CC88 /* Base */ = {isa = PBXFileReference; lastKnownFileType = file.storyboard; name = Base; path = Base.lproj/LaunchScreen.storyboard; sourceTree = "<group>"; };
		D9E6E4E3261EB3F70072CC88 /* Info.plist */ = {isa = PBXFileReference; lastKnownFileType = text.plist.xml; path = Info.plist; sourceTree = "<group>"; };
		D9E6E4F3261EB95B0072CC88 /* NetworkManager.swift */ = {isa = PBXFileReference; lastKnownFileType = sourcecode.swift; path = NetworkManager.swift; sourceTree = "<group>"; };
		D9E6E4F7261EBC210072CC88 /* AppError.swift */ = {isa = PBXFileReference; lastKnownFileType = sourcecode.swift; path = AppError.swift; sourceTree = "<group>"; };
		D9E6E4FD261EC4140072CC88 /* NewsElements.swift */ = {isa = PBXFileReference; lastKnownFileType = sourcecode.swift; path = NewsElements.swift; sourceTree = "<group>"; };
		D9E6E503261ECE0E0072CC88 /* NewsCollectionViewCell.swift */ = {isa = PBXFileReference; lastKnownFileType = sourcecode.swift; path = NewsCollectionViewCell.swift; sourceTree = "<group>"; };
		D9E6E508261ED0730072CC88 /* CellReusable+Extension.swift */ = {isa = PBXFileReference; lastKnownFileType = sourcecode.swift; path = "CellReusable+Extension.swift"; sourceTree = "<group>"; };
		D9E6E512261F5ABF0072CC88 /* UIView+extension.swift */ = {isa = PBXFileReference; lastKnownFileType = sourcecode.swift; path = "UIView+extension.swift"; sourceTree = "<group>"; };
/* End PBXFileReference section */

/* Begin PBXFrameworksBuildPhase section */
		D9B36458264535360047707E /* Frameworks */ = {
			isa = PBXFrameworksBuildPhase;
			buildActionMask = 2147483647;
			files = (
			);
			runOnlyForDeploymentPostprocessing = 0;
		};
		D9E6E4CF261EB3F40072CC88 /* Frameworks */ = {
			isa = PBXFrameworksBuildPhase;
			buildActionMask = 2147483647;
			files = (
				907ED234B7B1D838A2B2F6FD /* Pods_NewsAppDemo.framework in Frameworks */,
			);
			runOnlyForDeploymentPostprocessing = 0;
		};
/* End PBXFrameworksBuildPhase section */

/* Begin PBXGroup section */
		51260058AB97093AAA380D93 /* Pods */ = {
			isa = PBXGroup;
			children = (
				7E4C0245CBFE969BD9884A39 /* Pods-NewsAppDemo.debug.xcconfig */,
				A9C4FC7DB6F45925BCD52B0C /* Pods-NewsAppDemo.release.xcconfig */,
			);
			path = Pods;
			sourceTree = "<group>";
		};
		C455C0B8AF935C12452E95AB /* Frameworks */ = {
			isa = PBXGroup;
			children = (
				5E419FC25066300893B44CE4 /* Pods_NewsAppDemo.framework */,
			);
			name = Frameworks;
			sourceTree = "<group>";
		};
		D909C782264284CB00713750 /* Github source */ = {
			isa = PBXGroup;
			children = (
				D9E0ECFD2643D97B006F6AA7 /* detailsOption.png */,
				D9E0ECFE2643D97B006F6AA7 /* detailsOptions.png */,
				D9E0ECFC2643D97B006F6AA7 /* mainScreen.png */,
				D909C786264285AC00713750 /* detailsScreen.gif */,
				D909C785264285AB00713750 /* firstScreen.gif */,
				D9E0ED022643D9A6006F6AA7 /* icons8-news-100 (2).png */,
				D9E0ED042643DC77006F6AA7 /* detailImage.png */,
				D909C784264285AA00713750 /* secondScreen.gif */,
				D909C783264285AA00713750 /* thirdScreen.gif */,
			);
			path = "Github source";
			sourceTree = "<group>";
		};
		D91F5E50262014DC00F255E9 /* Reusuable Components */ = {
			isa = PBXGroup;
			children = (
				D9E6E4F2261EB68F0072CC88 /* App Error */,
				D9CA324D263C6A610075B1A2 /* NetworkManager */,
				D92AC3B626316EE80023BFF4 /* FileHandler */,
				D92AC39E263158170023BFF4 /* ContactFunctionHandler */,
				D9E6E511261F5AA30072CC88 /* Extension */,
				D91F5E51262014EB00F255E9 /* Cache */,
			);
			path = "Reusuable Components";
			sourceTree = "<group>";
		};
		D91F5E51262014EB00F255E9 /* Cache */ = {
			isa = PBXGroup;
			children = (
				D91F5E522620150C00F255E9 /* ImageCache.swift */,
			);
			path = Cache;
			sourceTree = "<group>";
		};
		D92AC293262BCC840023BFF4 /* View Model */ = {
			isa = PBXGroup;
			children = (
				D92AC346262F69080023BFF4 /* MainScreenViewModel */,
				D92AC29A262BDDE90023BFF4 /* NewsCollectionViewModel */,
				D92AC294262BCCF80023BFF4 /* NewsTableViewModel */,
			);
			path = "View Model";
			sourceTree = "<group>";
		};
		D92AC294262BCCF80023BFF4 /* NewsTableViewModel */ = {
			isa = PBXGroup;
			children = (
				D92AC295262BCD120023BFF4 /* NewsTableCellViewModel.swift */,
			);
			path = NewsTableViewModel;
			sourceTree = "<group>";
		};
		D92AC29A262BDDE90023BFF4 /* NewsCollectionViewModel */ = {
			isa = PBXGroup;
			children = (
				D92AC29B262BDF040023BFF4 /* NewsCollectionViewModel.swift */,
			);
			path = NewsCollectionViewModel;
			sourceTree = "<group>";
		};
		D92AC29F262CD2880023BFF4 /* SerachViewController */ = {
			isa = PBXGroup;
			children = (
				D93A1DEA262761E2003D45FC /* SearchViewController.swift */,
			);
			path = SerachViewController;
			sourceTree = "<group>";
		};
		D92AC2A0262CD2980023BFF4 /* SearchViewViewModel */ = {
			isa = PBXGroup;
			children = (
				D92AC2A2262CD3E60023BFF4 /* NewsSearchViewModel.swift */,
			);
			path = SearchViewViewModel;
			sourceTree = "<group>";
		};
		D92AC2A1262CD2B10023BFF4 /* DetailsOptionView */ = {
			isa = PBXGroup;
			children = (
				D92AC2A6262CD46C0023BFF4 /* DetailsOptionView.swift */,
			);
			path = DetailsOptionView;
			sourceTree = "<group>";
		};
		D92AC2A9262CD4730023BFF4 /* SearchModel */ = {
			isa = PBXGroup;
			children = (
				D9D199E326294AE9009ABE41 /* NewsSearchUrl.swift */,
				D92AC2AA262CD48F0023BFF4 /* SearchModel.swift */,
			);
			path = SearchModel;
			sourceTree = "<group>";
		};
		D92AC2E7262E8DFC0023BFF4 /* Controller */ = {
			isa = PBXGroup;
			children = (
				D96CBE482626C94900BE5712 /* DetailNewsViewController.swift */,
			);
			path = Controller;
			sourceTree = "<group>";
		};
		D92AC2E8262E8E0F0023BFF4 /* ViewModel */ = {
			isa = PBXGroup;
			children = (
				D92AC2F3262EC3B50023BFF4 /* DetailsViewModel.swift */,
			);
			path = ViewModel;
			sourceTree = "<group>";
		};
		D92AC2E9262E8E230023BFF4 /* View */ = {
			isa = PBXGroup;
			children = (
				D92AC2EB262E8E810023BFF4 /* DetailsView.swift */,
				D939FD5E263A77A800CF0766 /* DropDownCell.swift */,
				D939FD5F263A77A800CF0766 /* DropDownCell.xib */,
			);
			path = View;
			sourceTree = "<group>";
		};
		D92AC2EA262E8E330023BFF4 /* Model */ = {
			isa = PBXGroup;
			children = (
			);
			path = Model;
			sourceTree = "<group>";
		};
		D92AC346262F69080023BFF4 /* MainScreenViewModel */ = {
			isa = PBXGroup;
			children = (
				D92AC347262F691C0023BFF4 /* MainViewModel.swift */,
			);
			path = MainScreenViewModel;
			sourceTree = "<group>";
		};
		D92AC39E263158170023BFF4 /* ContactFunctionHandler */ = {
			isa = PBXGroup;
			children = (
				D92AC39F263158AD0023BFF4 /* ContactFunctionHandler.swift */,
			);
			path = ContactFunctionHandler;
			sourceTree = "<group>";
		};
		D92AC3A3263160940023BFF4 /* AgreementScreen */ = {
			isa = PBXGroup;
			children = (
				D92AC3B1263162C90023BFF4 /* Model */,
				D92AC3B0263162C00023BFF4 /* View */,
				D92AC3AF263162B30023BFF4 /* Controller */,
			);
			path = AgreementScreen;
			sourceTree = "<group>";
		};
		D92AC3AF263162B30023BFF4 /* Controller */ = {
			isa = PBXGroup;
			children = (
				D92AC3A4263160B60023BFF4 /* AgreementController.swift */,
			);
			path = Controller;
			sourceTree = "<group>";
		};
		D92AC3B0263162C00023BFF4 /* View */ = {
			isa = PBXGroup;
			children = (
				D92AC3B2263162E10023BFF4 /* AgreementView.swift */,
			);
			path = View;
			sourceTree = "<group>";
		};
		D92AC3B1263162C90023BFF4 /* Model */ = {
			isa = PBXGroup;
			children = (
			);
			name = Model;
			sourceTree = "<group>";
		};
		D92AC3B626316EE80023BFF4 /* FileHandler */ = {
			isa = PBXGroup;
			children = (
				D92AC3B726316F080023BFF4 /* FileHandler.swift */,
			);
			path = FileHandler;
			sourceTree = "<group>";
		};
		D93A1DE9262761C3003D45FC /* SearchViewScreen */ = {
			isa = PBXGroup;
			children = (
				D92AC2A9262CD4730023BFF4 /* SearchModel */,
				D92AC2A1262CD2B10023BFF4 /* DetailsOptionView */,
				D92AC2A0262CD2980023BFF4 /* SearchViewViewModel */,
				D92AC29F262CD2880023BFF4 /* SerachViewController */,
			);
			path = SearchViewScreen;
			sourceTree = "<group>";
		};
		D96CBDD72624B00600BE5712 /* NewsCollections */ = {
			isa = PBXGroup;
			children = (
				D9E6E503261ECE0E0072CC88 /* NewsCollectionViewCell.swift */,
				D9009A0C2632D97400AE77F3 /* NewsCollectionViewCell.xib */,
			);
			path = NewsCollections;
			sourceTree = "<group>";
		};
		D96CBDD82624B00F00BE5712 /* NewsTableView */ = {
			isa = PBXGroup;
			children = (
				D96CBDE226254B3300BE5712 /* NewsTableHeader */,
				D96CBDE126254B1500BE5712 /* NewsTableCell */,
			);
			path = NewsTableView;
			sourceTree = "<group>";
		};
		D96CBDE126254B1500BE5712 /* NewsTableCell */ = {
			isa = PBXGroup;
			children = (
				D96CBDD92624B04000BE5712 /* NewsTableViewCell.swift */,
				D96CBDDE2624B40700BE5712 /* NewsTableViewCell.xib */,
			);
			path = NewsTableCell;
			sourceTree = "<group>";
		};
		D96CBDE226254B3300BE5712 /* NewsTableHeader */ = {
			isa = PBXGroup;
			children = (
				D96CBDE326254B6A00BE5712 /* NewsTableViewHeader.swift */,
				D96CBDEB2625529B00BE5712 /* NewsTableViewHeader.xib */,
			);
			path = NewsTableHeader;
			sourceTree = "<group>";
		};
		D96CBDEF262566F200BE5712 /* Font */ = {
			isa = PBXGroup;
			children = (
				D9CA327E263F28E60075B1A2 /* old_london */,
			);
			path = Font;
			sourceTree = "<group>";
		};
		D96CBE472626C92300BE5712 /* DetailViewScreen */ = {
			isa = PBXGroup;
			children = (
				D92AC2EA262E8E330023BFF4 /* Model */,
				D92AC2E9262E8E230023BFF4 /* View */,
				D92AC2E8262E8E0F0023BFF4 /* ViewModel */,
				D92AC2E7262E8DFC0023BFF4 /* Controller */,
			);
			path = DetailViewScreen;
			sourceTree = "<group>";
		};
		D9B3645C264535360047707E /* NewsAppDemoTests */ = {
			isa = PBXGroup;
			children = (
				D9B3645D264535360047707E /* NewsAppDemoTests.swift */,
				D9B3645F264535360047707E /* Info.plist */,
			);
			path = NewsAppDemoTests;
			sourceTree = "<group>";
		};
		D9CA324D263C6A610075B1A2 /* NetworkManager */ = {
			isa = PBXGroup;
			children = (
				D9E6E4F3261EB95B0072CC88 /* NetworkManager.swift */,
			);
			path = NetworkManager;
			sourceTree = "<group>";
		};
		D9CA327E263F28E60075B1A2 /* old_london */ = {
			isa = PBXGroup;
			children = (
				D9CA327F263F28E60075B1A2 /* OldLondon.ttf */,
				D9CA3280263F28E60075B1A2 /* Olondona.otf */,
				D9CA3281263F28E60075B1A2 /* OldLondonAlternate.ttf */,
				D9CA3282263F28E60075B1A2 /* Olondon_.otf */,
			);
			path = old_london;
			sourceTree = "<group>";
		};
		D9E6E4C9261EB3F40072CC88 = {
			isa = PBXGroup;
			children = (
				D9E6E4D4261EB3F40072CC88 /* NewsDemo */,
				D9B3645C264535360047707E /* NewsAppDemoTests */,
				D9E6E4D3261EB3F40072CC88 /* Products */,
				51260058AB97093AAA380D93 /* Pods */,
				C455C0B8AF935C12452E95AB /* Frameworks */,
			);
			sourceTree = "<group>";
		};
		D9E6E4D3261EB3F40072CC88 /* Products */ = {
			isa = PBXGroup;
			children = (
				D9E6E4D2261EB3F40072CC88 /* NewsAppDemo.app */,
				D9B3645B264535360047707E /* NewsAppDemoTests.xctest */,
			);
			name = Products;
			sourceTree = "<group>";
		};
		D9E6E4D4261EB3F40072CC88 /* NewsDemo */ = {
			isa = PBXGroup;
			children = (
				D9E6E4EF261EB4780072CC88 /* Modules */,
				D9E6E4EC261EB4450072CC88 /* Common */,
				D9E6E4EB261EB4330072CC88 /* Storyboard */,
				D9E6E4EA261EB42D0072CC88 /* Resources */,
			);
			path = NewsDemo;
			sourceTree = "<group>";
		};
		D9E6E4EA261EB42D0072CC88 /* Resources */ = {
			isa = PBXGroup;
			children = (
				D909C782264284CB00713750 /* Github source */,
				D96CBDEF262566F200BE5712 /* Font */,
				D9E6E4DE261EB3F70072CC88 /* Assets.xcassets */,
				D92AC3AB2631624A0023BFF4 /* TermsAndService.txt */,
			);
			path = Resources;
			sourceTree = "<group>";
		};
		D9E6E4EB261EB4330072CC88 /* Storyboard */ = {
			isa = PBXGroup;
			children = (
				D9E6E4DB261EB3F40072CC88 /* Main.storyboard */,
				D9E6E4E0261EB3F70072CC88 /* LaunchScreen.storyboard */,
			);
			path = Storyboard;
			sourceTree = "<group>";
		};
		D9E6E4EC261EB4450072CC88 /* Common */ = {
			isa = PBXGroup;
			children = (
				D9E6E4D5261EB3F40072CC88 /* AppDelegate.swift */,
				D9E6E4D7261EB3F40072CC88 /* SceneDelegate.swift */,
				D9E6E4E3261EB3F70072CC88 /* Info.plist */,
			);
			path = Common;
			sourceTree = "<group>";
		};
		D9E6E4EF261EB4780072CC88 /* Modules */ = {
			isa = PBXGroup;
			children = (
				D92AC3A3263160940023BFF4 /* AgreementScreen */,
				D93A1DE9262761C3003D45FC /* SearchViewScreen */,
				D91F5E50262014DC00F255E9 /* Reusuable Components */,
				D96CBE472626C92300BE5712 /* DetailViewScreen */,
				D9E6E4F0261EB49B0072CC88 /* MainScreen */,
			);
			path = Modules;
			sourceTree = "<group>";
		};
		D9E6E4F0261EB49B0072CC88 /* MainScreen */ = {
			isa = PBXGroup;
			children = (
				D92AC293262BCC840023BFF4 /* View Model */,
				D9E6E502261ECD8E0072CC88 /* View */,
				D9E6E4FC261EC23E0072CC88 /* Model */,
				D9E6E4FB261EC2330072CC88 /* Controller */,
			);
			path = MainScreen;
			sourceTree = "<group>";
		};
		D9E6E4F2261EB68F0072CC88 /* App Error */ = {
			isa = PBXGroup;
			children = (
				D9E6E4F7261EBC210072CC88 /* AppError.swift */,
			);
			path = "App Error";
			sourceTree = "<group>";
		};
		D9E6E4FB261EC2330072CC88 /* Controller */ = {
			isa = PBXGroup;
			children = (
				D9E6E4D9261EB3F40072CC88 /* MainViewController.swift */,
			);
			path = Controller;
			sourceTree = "<group>";
		};
		D9E6E4FC261EC23E0072CC88 /* Model */ = {
			isa = PBXGroup;
			children = (
				D9E6E4FD261EC4140072CC88 /* NewsElements.swift */,
				D96CBDD42624AF4D00BE5712 /* NewsWebSearchResult.swift */,
			);
			path = Model;
			sourceTree = "<group>";
		};
		D9E6E502261ECD8E0072CC88 /* View */ = {
			isa = PBXGroup;
			children = (
				D96CBDD82624B00F00BE5712 /* NewsTableView */,
				D96CBDD72624B00600BE5712 /* NewsCollections */,
			);
			path = View;
			sourceTree = "<group>";
		};
		D9E6E511261F5AA30072CC88 /* Extension */ = {
			isa = PBXGroup;
			children = (
				D9E0ECFA2643CB48006F6AA7 /* AlertProtocol.swift */,
				D9E6E512261F5ABF0072CC88 /* UIView+extension.swift */,
				D9E6E508261ED0730072CC88 /* CellReusable+Extension.swift */,
				D91F5E4D26200D7A00F255E9 /* UIImageView+Extension.swift */,
			);
			path = Extension;
			sourceTree = "<group>";
		};
/* End PBXGroup section */

/* Begin PBXNativeTarget section */
		D9B3645A264535360047707E /* NewsAppDemoTests */ = {
			isa = PBXNativeTarget;
			buildConfigurationList = D9B36464264535360047707E /* Build configuration list for PBXNativeTarget "NewsAppDemoTests" */;
			buildPhases = (
				D9B36457264535360047707E /* Sources */,
				D9B36458264535360047707E /* Frameworks */,
				D9B36459264535360047707E /* Resources */,
			);
			buildRules = (
			);
			dependencies = (
				D9B36461264535360047707E /* PBXTargetDependency */,
			);
			name = NewsAppDemoTests;
			productName = NewsAppDemoTests;
			productReference = D9B3645B264535360047707E /* NewsAppDemoTests.xctest */;
			productType = "com.apple.product-type.bundle.unit-test";
		};
		D9E6E4D1261EB3F40072CC88 /* NewsAppDemo */ = {
			isa = PBXNativeTarget;
			buildConfigurationList = D9E6E4E6261EB3F70072CC88 /* Build configuration list for PBXNativeTarget "NewsAppDemo" */;
			buildPhases = (
				0E98860523B9E4610CB3CDEC /* [CP] Check Pods Manifest.lock */,
				D9E6E4CE261EB3F40072CC88 /* Sources */,
				D9E6E4CF261EB3F40072CC88 /* Frameworks */,
				D9E6E4D0261EB3F40072CC88 /* Resources */,
				BA42AED44F2F5C4207578E8F /* [CP] Embed Pods Frameworks */,
				D9CA32B1264044B40075B1A2 /* ShellScript */,
			);
			buildRules = (
			);
			dependencies = (
			);
			name = NewsAppDemo;
			productName = CollectionViewDemo;
			productReference = D9E6E4D2261EB3F40072CC88 /* NewsAppDemo.app */;
			productType = "com.apple.product-type.application";
		};
/* End PBXNativeTarget section */

/* Begin PBXProject section */
		D9E6E4CA261EB3F40072CC88 /* Project object */ = {
			isa = PBXProject;
			attributes = {
				LastSwiftUpdateCheck = 1250;
				LastUpgradeCheck = 1240;
				TargetAttributes = {
					D9B3645A264535360047707E = {
						CreatedOnToolsVersion = 12.5;
						TestTargetID = D9E6E4D1261EB3F40072CC88;
					};
					D9E6E4D1261EB3F40072CC88 = {
						CreatedOnToolsVersion = 12.4;
					};
				};
			};
			buildConfigurationList = D9E6E4CD261EB3F40072CC88 /* Build configuration list for PBXProject "NewsAppDemo" */;
			compatibilityVersion = "Xcode 9.3";
			developmentRegion = en;
			hasScannedForEncodings = 0;
			knownRegions = (
				en,
				Base,
			);
			mainGroup = D9E6E4C9261EB3F40072CC88;
			productRefGroup = D9E6E4D3261EB3F40072CC88 /* Products */;
			projectDirPath = "";
			projectRoot = "";
			targets = (
				D9E6E4D1261EB3F40072CC88 /* NewsAppDemo */,
				D9B3645A264535360047707E /* NewsAppDemoTests */,
			);
		};
/* End PBXProject section */

/* Begin PBXResourcesBuildPhase section */
		D9B36459264535360047707E /* Resources */ = {
			isa = PBXResourcesBuildPhase;
			buildActionMask = 2147483647;
			files = (
			);
			runOnlyForDeploymentPostprocessing = 0;
		};
		D9E6E4D0261EB3F40072CC88 /* Resources */ = {
			isa = PBXResourcesBuildPhase;
			buildActionMask = 2147483647;
			files = (
				D9E0ED012643D97B006F6AA7 /* detailsOptions.png in Resources */,
				D9CA3283263F28E60075B1A2 /* OldLondon.ttf in Resources */,
				D9009A0D2632D97400AE77F3 /* NewsCollectionViewCell.xib in Resources */,
				D9CA3286263F28E60075B1A2 /* Olondon_.otf in Resources */,
				D9E6E4E2261EB3F70072CC88 /* LaunchScreen.storyboard in Resources */,
				D9E0ED032643D9A6006F6AA7 /* icons8-news-100 (2).png in Resources */,
				D96CBDEC2625529B00BE5712 /* NewsTableViewHeader.xib in Resources */,
				D9CA3284263F28E60075B1A2 /* Olondona.otf in Resources */,
				D9E0ECFF2643D97B006F6AA7 /* mainScreen.png in Resources */,
				D909C789264285AC00713750 /* firstScreen.gif in Resources */,
				D909C787264285AC00713750 /* thirdScreen.gif in Resources */,
				D9E6E4DF261EB3F70072CC88 /* Assets.xcassets in Resources */,
				D909C788264285AC00713750 /* secondScreen.gif in Resources */,
				D9E0ED002643D97B006F6AA7 /* detailsOption.png in Resources */,
				D9E6E4DD261EB3F40072CC88 /* Main.storyboard in Resources */,
				D909C78A264285AC00713750 /* detailsScreen.gif in Resources */,
				D9E0ED052643DC77006F6AA7 /* detailImage.png in Resources */,
				D92AC3AC2631624A0023BFF4 /* TermsAndService.txt in Resources */,
				D9CA3285263F28E60075B1A2 /* OldLondonAlternate.ttf in Resources */,
				D939FD61263A77A800CF0766 /* DropDownCell.xib in Resources */,
				D96CBDDF2624B40700BE5712 /* NewsTableViewCell.xib in Resources */,
			);
			runOnlyForDeploymentPostprocessing = 0;
		};
/* End PBXResourcesBuildPhase section */

/* Begin PBXShellScriptBuildPhase section */
		0E98860523B9E4610CB3CDEC /* [CP] Check Pods Manifest.lock */ = {
			isa = PBXShellScriptBuildPhase;
			buildActionMask = 2147483647;
			files = (
			);
			inputFileListPaths = (
			);
			inputPaths = (
				"${PODS_PODFILE_DIR_PATH}/Podfile.lock",
				"${PODS_ROOT}/Manifest.lock",
			);
			name = "[CP] Check Pods Manifest.lock";
			outputFileListPaths = (
			);
			outputPaths = (
				"$(DERIVED_FILE_DIR)/Pods-NewsAppDemo-checkManifestLockResult.txt",
			);
			runOnlyForDeploymentPostprocessing = 0;
			shellPath = /bin/sh;
			shellScript = "diff \"${PODS_PODFILE_DIR_PATH}/Podfile.lock\" \"${PODS_ROOT}/Manifest.lock\" > /dev/null\nif [ $? != 0 ] ; then\n    # print error to STDERR\n    echo \"error: The sandbox is not in sync with the Podfile.lock. Run 'pod install' or update your CocoaPods installation.\" >&2\n    exit 1\nfi\n# This output is used by Xcode 'outputs' to avoid re-running this script phase.\necho \"SUCCESS\" > \"${SCRIPT_OUTPUT_FILE_0}\"\n";
			showEnvVarsInLog = 0;
		};
		BA42AED44F2F5C4207578E8F /* [CP] Embed Pods Frameworks */ = {
			isa = PBXShellScriptBuildPhase;
			buildActionMask = 2147483647;
			files = (
			);
			inputFileListPaths = (
				"${PODS_ROOT}/Target Support Files/Pods-NewsAppDemo/Pods-NewsAppDemo-frameworks-${CONFIGURATION}-input-files.xcfilelist",
			);
			name = "[CP] Embed Pods Frameworks";
			outputFileListPaths = (
				"${PODS_ROOT}/Target Support Files/Pods-NewsAppDemo/Pods-NewsAppDemo-frameworks-${CONFIGURATION}-output-files.xcfilelist",
			);
			runOnlyForDeploymentPostprocessing = 0;
			shellPath = /bin/sh;
			shellScript = "\"${PODS_ROOT}/Target Support Files/Pods-NewsAppDemo/Pods-NewsAppDemo-frameworks.sh\"\n";
			showEnvVarsInLog = 0;
		};
		D9CA32B1264044B40075B1A2 /* ShellScript */ = {
			isa = PBXShellScriptBuildPhase;
			buildActionMask = 2147483647;
			files = (
			);
			inputFileListPaths = (
			);
			inputPaths = (
			);
			outputFileListPaths = (
			);
			outputPaths = (
			);
			runOnlyForDeploymentPostprocessing = 0;
			shellPath = /bin/sh;
			shellScript = "# Type a script or drag a script file from your workspace to insert its path.\nif which swiftlint >/dev/null; then\n  swiftlint\nelse\n  echo \"warning: SwiftLint not installed, download from https://github.com/realm/SwiftLint\"\nfi\n";
		};
/* End PBXShellScriptBuildPhase section */

/* Begin PBXSourcesBuildPhase section */
		D9B36457264535360047707E /* Sources */ = {
			isa = PBXSourcesBuildPhase;
			buildActionMask = 2147483647;
			files = (
				D9B3645E264535360047707E /* NewsAppDemoTests.swift in Sources */,
			);
			runOnlyForDeploymentPostprocessing = 0;
		};
		D9E6E4CE261EB3F40072CC88 /* Sources */ = {
			isa = PBXSourcesBuildPhase;
			buildActionMask = 2147483647;
			files = (
				D91F5E532620150C00F255E9 /* ImageCache.swift in Sources */,
				D92AC348262F691D0023BFF4 /* MainViewModel.swift in Sources */,
				D96CBDD52624AF4D00BE5712 /* NewsWebSearchResult.swift in Sources */,
				D96CBDDA2624B04000BE5712 /* NewsTableViewCell.swift in Sources */,
				D93A1DEB262761E2003D45FC /* SearchViewController.swift in Sources */,
				D9E6E504261ECE0E0072CC88 /* NewsCollectionViewCell.swift in Sources */,
				D92AC2EC262E8E810023BFF4 /* DetailsView.swift in Sources */,
				D96CBE492626C94900BE5712 /* DetailNewsViewController.swift in Sources */,
				D92AC3A0263158AD0023BFF4 /* ContactFunctionHandler.swift in Sources */,
				D9E6E513261F5ABF0072CC88 /* UIView+extension.swift in Sources */,
				D9E6E4FE261EC4140072CC88 /* NewsElements.swift in Sources */,
				D9E6E4F4261EB95B0072CC88 /* NetworkManager.swift in Sources */,
				D9D199E426294AE9009ABE41 /* NewsSearchUrl.swift in Sources */,
				D92AC3B826316F080023BFF4 /* FileHandler.swift in Sources */,
				D92AC2F4262EC3B50023BFF4 /* DetailsViewModel.swift in Sources */,
				D92AC2A7262CD46C0023BFF4 /* DetailsOptionView.swift in Sources */,
				D9E6E4DA261EB3F40072CC88 /* MainViewController.swift in Sources */,
				D9E6E509261ED0730072CC88 /* CellReusable+Extension.swift in Sources */,
				D9E6E4F8261EBC210072CC88 /* AppError.swift in Sources */,
				D92AC296262BCD120023BFF4 /* NewsTableCellViewModel.swift in Sources */,
				D92AC2A3262CD3E60023BFF4 /* NewsSearchViewModel.swift in Sources */,
				D92AC29C262BDF040023BFF4 /* NewsCollectionViewModel.swift in Sources */,
				D92AC3B3263162E10023BFF4 /* AgreementView.swift in Sources */,
				D92AC3A5263160B60023BFF4 /* AgreementController.swift in Sources */,
				D91F5E4E26200D7A00F255E9 /* UIImageView+Extension.swift in Sources */,
				D96CBDE426254B6A00BE5712 /* NewsTableViewHeader.swift in Sources */,
				D92AC2AB262CD48F0023BFF4 /* SearchModel.swift in Sources */,
				D9E6E4D6261EB3F40072CC88 /* AppDelegate.swift in Sources */,
				D939FD60263A77A800CF0766 /* DropDownCell.swift in Sources */,
				D9E0ECFB2643CB48006F6AA7 /* AlertProtocol.swift in Sources */,
				D9E6E4D8261EB3F40072CC88 /* SceneDelegate.swift in Sources */,
			);
			runOnlyForDeploymentPostprocessing = 0;
		};
/* End PBXSourcesBuildPhase section */

/* Begin PBXTargetDependency section */
		D9B36461264535360047707E /* PBXTargetDependency */ = {
			isa = PBXTargetDependency;
			target = D9E6E4D1261EB3F40072CC88 /* NewsAppDemo */;
			targetProxy = D9B36460264535360047707E /* PBXContainerItemProxy */;
		};
/* End PBXTargetDependency section */

/* Begin PBXVariantGroup section */
		D9E6E4DB261EB3F40072CC88 /* Main.storyboard */ = {
			isa = PBXVariantGroup;
			children = (
				D9E6E4DC261EB3F40072CC88 /* Base */,
			);
			name = Main.storyboard;
			sourceTree = "<group>";
		};
		D9E6E4E0261EB3F70072CC88 /* LaunchScreen.storyboard */ = {
			isa = PBXVariantGroup;
			children = (
				D9E6E4E1261EB3F70072CC88 /* Base */,
			);
			name = LaunchScreen.storyboard;
			sourceTree = "<group>";
		};
/* End PBXVariantGroup section */

/* Begin XCBuildConfiguration section */
		D9B36462264535360047707E /* Debug */ = {
			isa = XCBuildConfiguration;
			buildSettings = {
				BUNDLE_LOADER = "$(TEST_HOST)";
				CODE_SIGN_STYLE = Automatic;
				INFOPLIST_FILE = NewsAppDemoTests/Info.plist;
				IPHONEOS_DEPLOYMENT_TARGET = 14.5;
				LD_RUNPATH_SEARCH_PATHS = (
					"$(inherited)",
					"@executable_path/Frameworks",
					"@loader_path/Frameworks",
				);
				PRODUCT_BUNDLE_IDENTIFIER = "com.kim-yoonha.NewsAppDemoTests";
				PRODUCT_NAME = "$(TARGET_NAME)";
				SWIFT_VERSION = 5.0;
				TARGETED_DEVICE_FAMILY = "1,2";
				TEST_HOST = "$(BUILT_PRODUCTS_DIR)/NewsAppDemo.app/NewsAppDemo";
			};
			name = Debug;
		};
		D9B36463264535360047707E /* Release */ = {
			isa = XCBuildConfiguration;
			buildSettings = {
				BUNDLE_LOADER = "$(TEST_HOST)";
				CODE_SIGN_STYLE = Automatic;
				INFOPLIST_FILE = NewsAppDemoTests/Info.plist;
				IPHONEOS_DEPLOYMENT_TARGET = 14.5;
				LD_RUNPATH_SEARCH_PATHS = (
					"$(inherited)",
					"@executable_path/Frameworks",
					"@loader_path/Frameworks",
				);
				PRODUCT_BUNDLE_IDENTIFIER = "com.kim-yoonha.NewsAppDemoTests";
				PRODUCT_NAME = "$(TARGET_NAME)";
				SWIFT_VERSION = 5.0;
				TARGETED_DEVICE_FAMILY = "1,2";
				TEST_HOST = "$(BUILT_PRODUCTS_DIR)/NewsAppDemo.app/NewsAppDemo";
			};
			name = Release;
		};
		D9E6E4E4261EB3F70072CC88 /* Debug */ = {
			isa = XCBuildConfiguration;
			buildSettings = {
				ALWAYS_SEARCH_USER_PATHS = NO;
				CLANG_ANALYZER_NONNULL = YES;
				CLANG_ANALYZER_NUMBER_OBJECT_CONVERSION = YES_AGGRESSIVE;
				CLANG_CXX_LANGUAGE_STANDARD = "gnu++14";
				CLANG_CXX_LIBRARY = "libc++";
				CLANG_ENABLE_MODULES = YES;
				CLANG_ENABLE_OBJC_ARC = YES;
				CLANG_ENABLE_OBJC_WEAK = YES;
				CLANG_WARN_BLOCK_CAPTURE_AUTORELEASING = YES;
				CLANG_WARN_BOOL_CONVERSION = YES;
				CLANG_WARN_COMMA = YES;
				CLANG_WARN_CONSTANT_CONVERSION = YES;
				CLANG_WARN_DEPRECATED_OBJC_IMPLEMENTATIONS = YES;
				CLANG_WARN_DIRECT_OBJC_ISA_USAGE = YES_ERROR;
				CLANG_WARN_DOCUMENTATION_COMMENTS = YES;
				CLANG_WARN_EMPTY_BODY = YES;
				CLANG_WARN_ENUM_CONVERSION = YES;
				CLANG_WARN_INFINITE_RECURSION = YES;
				CLANG_WARN_INT_CONVERSION = YES;
				CLANG_WARN_NON_LITERAL_NULL_CONVERSION = YES;
				CLANG_WARN_OBJC_IMPLICIT_RETAIN_SELF = YES;
				CLANG_WARN_OBJC_LITERAL_CONVERSION = YES;
				CLANG_WARN_OBJC_ROOT_CLASS = YES_ERROR;
				CLANG_WARN_QUOTED_INCLUDE_IN_FRAMEWORK_HEADER = YES;
				CLANG_WARN_RANGE_LOOP_ANALYSIS = YES;
				CLANG_WARN_STRICT_PROTOTYPES = YES;
				CLANG_WARN_SUSPICIOUS_MOVE = YES;
				CLANG_WARN_UNGUARDED_AVAILABILITY = YES_AGGRESSIVE;
				CLANG_WARN_UNREACHABLE_CODE = YES;
				CLANG_WARN__DUPLICATE_METHOD_MATCH = YES;
				COPY_PHASE_STRIP = NO;
				DEBUG_INFORMATION_FORMAT = dwarf;
				ENABLE_STRICT_OBJC_MSGSEND = YES;
				ENABLE_TESTABILITY = YES;
				GCC_C_LANGUAGE_STANDARD = gnu11;
				GCC_DYNAMIC_NO_PIC = NO;
				GCC_NO_COMMON_BLOCKS = YES;
				GCC_OPTIMIZATION_LEVEL = 0;
				GCC_PREPROCESSOR_DEFINITIONS = (
					"DEBUG=1",
					"$(inherited)",
				);
				GCC_WARN_64_TO_32_BIT_CONVERSION = YES;
				GCC_WARN_ABOUT_RETURN_TYPE = YES_ERROR;
				GCC_WARN_UNDECLARED_SELECTOR = YES;
				GCC_WARN_UNINITIALIZED_AUTOS = YES_AGGRESSIVE;
				GCC_WARN_UNUSED_FUNCTION = YES;
				GCC_WARN_UNUSED_VARIABLE = YES;
				IPHONEOS_DEPLOYMENT_TARGET = 13.0;
				MTL_ENABLE_DEBUG_INFO = INCLUDE_SOURCE;
				MTL_FAST_MATH = YES;
				ONLY_ACTIVE_ARCH = YES;
				SDKROOT = iphoneos;
				SWIFT_ACTIVE_COMPILATION_CONDITIONS = DEBUG;
				SWIFT_OPTIMIZATION_LEVEL = "-Onone";
			};
			name = Debug;
		};
		D9E6E4E5261EB3F70072CC88 /* Release */ = {
			isa = XCBuildConfiguration;
			buildSettings = {
				ALWAYS_SEARCH_USER_PATHS = NO;
				CLANG_ANALYZER_NONNULL = YES;
				CLANG_ANALYZER_NUMBER_OBJECT_CONVERSION = YES_AGGRESSIVE;
				CLANG_CXX_LANGUAGE_STANDARD = "gnu++14";
				CLANG_CXX_LIBRARY = "libc++";
				CLANG_ENABLE_MODULES = YES;
				CLANG_ENABLE_OBJC_ARC = YES;
				CLANG_ENABLE_OBJC_WEAK = YES;
				CLANG_WARN_BLOCK_CAPTURE_AUTORELEASING = YES;
				CLANG_WARN_BOOL_CONVERSION = YES;
				CLANG_WARN_COMMA = YES;
				CLANG_WARN_CONSTANT_CONVERSION = YES;
				CLANG_WARN_DEPRECATED_OBJC_IMPLEMENTATIONS = YES;
				CLANG_WARN_DIRECT_OBJC_ISA_USAGE = YES_ERROR;
				CLANG_WARN_DOCUMENTATION_COMMENTS = YES;
				CLANG_WARN_EMPTY_BODY = YES;
				CLANG_WARN_ENUM_CONVERSION = YES;
				CLANG_WARN_INFINITE_RECURSION = YES;
				CLANG_WARN_INT_CONVERSION = YES;
				CLANG_WARN_NON_LITERAL_NULL_CONVERSION = YES;
				CLANG_WARN_OBJC_IMPLICIT_RETAIN_SELF = YES;
				CLANG_WARN_OBJC_LITERAL_CONVERSION = YES;
				CLANG_WARN_OBJC_ROOT_CLASS = YES_ERROR;
				CLANG_WARN_QUOTED_INCLUDE_IN_FRAMEWORK_HEADER = YES;
				CLANG_WARN_RANGE_LOOP_ANALYSIS = YES;
				CLANG_WARN_STRICT_PROTOTYPES = YES;
				CLANG_WARN_SUSPICIOUS_MOVE = YES;
				CLANG_WARN_UNGUARDED_AVAILABILITY = YES_AGGRESSIVE;
				CLANG_WARN_UNREACHABLE_CODE = YES;
				CLANG_WARN__DUPLICATE_METHOD_MATCH = YES;
				COPY_PHASE_STRIP = NO;
				DEBUG_INFORMATION_FORMAT = "dwarf-with-dsym";
				ENABLE_NS_ASSERTIONS = NO;
				ENABLE_STRICT_OBJC_MSGSEND = YES;
				GCC_C_LANGUAGE_STANDARD = gnu11;
				GCC_NO_COMMON_BLOCKS = YES;
				GCC_WARN_64_TO_32_BIT_CONVERSION = YES;
				GCC_WARN_ABOUT_RETURN_TYPE = YES_ERROR;
				GCC_WARN_UNDECLARED_SELECTOR = YES;
				GCC_WARN_UNINITIALIZED_AUTOS = YES_AGGRESSIVE;
				GCC_WARN_UNUSED_FUNCTION = YES;
				GCC_WARN_UNUSED_VARIABLE = YES;
				IPHONEOS_DEPLOYMENT_TARGET = 13.0;
				MTL_ENABLE_DEBUG_INFO = NO;
				MTL_FAST_MATH = YES;
				SDKROOT = iphoneos;
				SWIFT_COMPILATION_MODE = wholemodule;
				SWIFT_OPTIMIZATION_LEVEL = "-O";
				VALIDATE_PRODUCT = YES;
			};
			name = Release;
		};
		D9E6E4E7261EB3F70072CC88 /* Debug */ = {
			isa = XCBuildConfiguration;
			baseConfigurationReference = 7E4C0245CBFE969BD9884A39 /* Pods-NewsAppDemo.debug.xcconfig */;
			buildSettings = {
				ASSETCATALOG_COMPILER_APPICON_NAME = AppIcon;
				ASSETCATALOG_COMPILER_GLOBAL_ACCENT_COLOR_NAME = AccentColor;
				CODE_SIGN_STYLE = Automatic;
				DEVELOPMENT_TEAM = F8DZ32VLKR;
				INFOPLIST_FILE = NewsDemo/Common/Info.plist;
				LD_RUNPATH_SEARCH_PATHS = (
					"$(inherited)",
					"@executable_path/Frameworks",
				);
				PRODUCT_BUNDLE_IDENTIFIER = "com.kim-yoonha.CollectionViewDemo";
				PRODUCT_NAME = "$(TARGET_NAME)";
				SWIFT_VERSION = 5.0;
				TARGETED_DEVICE_FAMILY = "1,2";
			};
			name = Debug;
		};
		D9E6E4E8261EB3F70072CC88 /* Release */ = {
			isa = XCBuildConfiguration;
			baseConfigurationReference = A9C4FC7DB6F45925BCD52B0C /* Pods-NewsAppDemo.release.xcconfig */;
			buildSettings = {
				ASSETCATALOG_COMPILER_APPICON_NAME = AppIcon;
				ASSETCATALOG_COMPILER_GLOBAL_ACCENT_COLOR_NAME = AccentColor;
				CODE_SIGN_STYLE = Automatic;
				DEVELOPMENT_TEAM = F8DZ32VLKR;
				INFOPLIST_FILE = NewsDemo/Common/Info.plist;
				LD_RUNPATH_SEARCH_PATHS = (
					"$(inherited)",
					"@executable_path/Frameworks",
				);
				PRODUCT_BUNDLE_IDENTIFIER = "com.kim-yoonha.CollectionViewDemo";
				PRODUCT_NAME = "$(TARGET_NAME)";
				SWIFT_VERSION = 5.0;
				TARGETED_DEVICE_FAMILY = "1,2";
			};
			name = Release;
		};
/* End XCBuildConfiguration section */

/* Begin XCConfigurationList section */
		D9B36464264535360047707E /* Build configuration list for PBXNativeTarget "NewsAppDemoTests" */ = {
			isa = XCConfigurationList;
			buildConfigurations = (
				D9B36462264535360047707E /* Debug */,
				D9B36463264535360047707E /* Release */,
			);
			defaultConfigurationIsVisible = 0;
			defaultConfigurationName = Release;
		};
		D9E6E4CD261EB3F40072CC88 /* Build configuration list for PBXProject "NewsAppDemo" */ = {
			isa = XCConfigurationList;
			buildConfigurations = (
				D9E6E4E4261EB3F70072CC88 /* Debug */,
				D9E6E4E5261EB3F70072CC88 /* Release */,
			);
			defaultConfigurationIsVisible = 0;
			defaultConfigurationName = Release;
		};
		D9E6E4E6261EB3F70072CC88 /* Build configuration list for PBXNativeTarget "NewsAppDemo" */ = {
			isa = XCConfigurationList;
			buildConfigurations = (
				D9E6E4E7261EB3F70072CC88 /* Debug */,
				D9E6E4E8261EB3F70072CC88 /* Release */,
			);
			defaultConfigurationIsVisible = 0;
			defaultConfigurationName = Release;
		};
/* End XCConfigurationList section */
	};
	rootObject = D9E6E4CA261EB3F40072CC88 /* Project object */;
}
